
Microsoft Visual Studio Solution File, Format Version 12.00
# Visual Studio Version 17
VisualStudioVersion = 17.8.34511.84
MinimumVisualStudioVersion = 10.0.40219.1
Project("{FAE04EC0-301F-11D3-BF4B-00C04F79EFBC}") = "classBienvenida20242", "classBienvenida20242\classBienvenida20242.csproj", "{E34643AA-F8E0-43C3-BAC6-2F052FBC5F5C}"
EndProject
Global
	GlobalSection(SolutionConfigurationPlatforms) = preSolution
		Debug|Any CPU = Debug|Any CPU
		Release|Any CPU = Release|Any CPU
	EndGlobalSection
	GlobalSection(ProjectConfigurationPlatforms) = postSolution
		{E34643AA-F8E0-43C3-BAC6-2F052FBC5F5C}.Debug|Any CPU.ActiveCfg = Debug|Any CPU
		{E34643AA-F8E0-43C3-BAC6-2F052FBC5F5C}.Debug|Any CPU.Build.0 = Debug|Any CPU
		{E34643AA-F8E0-43C3-BAC6-2F052FBC5F5C}.Release|Any CPU.ActiveCfg = Release|Any CPU
		{E34643AA-F8E0-43C3-BAC6-2F052FBC5F5C}.Release|Any CPU.Build.0 = Release|Any CPU
	EndGlobalSection
	GlobalSection(SolutionProperties) = preSolution
		HideSolutionNode = FALSE
	EndGlobalSection
	GlobalSection(ExtensibilityGlobals) = postSolution
		SolutionGuid = {E1AFEF3E-77CC-4937-9BFD-E997B1A53872}
	EndGlobalSection
EndGlobal
